// !$*UTF8*$!
{
	archiveVersion = 1;
	classes = {
	};
	objectVersion = 77;
	objects = {

/* Begin PBXContainerItemProxy section */
		BC5BF7102E3AB59D006071D0 /* PBXContainerItemProxy */ = {
			isa = PBXContainerItemProxy;
			containerPortal = BC5BF6FA2E3AB59A006071D0 /* Project object */;
			proxyType = 1;
			remoteGlobalIDString = BC5BF7012E3AB59A006071D0;
			remoteInfo = ChatWithAnyone;
		};
		BC5BF71A2E3AB59D006071D0 /* PBXContainerItemProxy */ = {
			isa = PBXContainerItemProxy;
			containerPortal = BC5BF6FA2E3AB59A006071D0 /* Project object */;
			proxyType = 1;
			remoteGlobalIDString = BC5BF7012E3AB59A006071D0;
			remoteInfo = ChatWithAnyone;
		};
/* End PBXContainerItemProxy section */

/* Begin PBXFileReference section */
		BC5BF7022E3AB59A006071D0 /* ChatWithAnyone.app */ = {isa = PBXFileReference; explicitFileType = wrapper.application; includeInIndex = 0; path = ChatWithAnyone.app; sourceTree = BUILT_PRODUCTS_DIR; };
		BC5BF70F2E3AB59D006071D0 /* ChatWithAnyoneTests.xctest */ = {isa = PBXFileReference; explicitFileType = wrapper.cfbundle; includeInIndex = 0; path = ChatWithAnyoneTests.xctest; sourceTree = BUILT_PRODUCTS_DIR; };
		BC5BF7192E3AB59D006071D0 /* ChatWithAnyoneUITests.xctest */ = {isa = PBXFileReference; explicitFileType = wrapper.cfbundle; includeInIndex = 0; path = ChatWithAnyoneUITests.xctest; sourceTree = BUILT_PRODUCTS_DIR; };
/* End PBXFileReference section */

/* Begin PBXFileSystemSynchronizedRootGroup section */
		BC5BF7042E3AB59A006071D0 /* ChatWithAnyone */ = {
			isa = PBXFileSystemSynchronizedRootGroup;
			path = ChatWithAnyone;
			sourceTree = "<group>";
		};
		BC5BF7122E3AB59D006071D0 /* ChatWithAnyoneTests */ = {
			isa = PBXFileSystemSynchronizedRootGroup;
			path = ChatWithAnyoneTests;
			sourceTree = "<group>";
		};
		BC5BF71C2E3AB59D006071D0 /* ChatWithAnyoneUITests */ = {
			isa = PBXFileSystemSynchronizedRootGroup;
			path = ChatWithAnyoneUITests;
			sourceTree = "<group>";
		};
/* End PBXFileSystemSynchronizedRootGroup section */

/* Begin PBXFrameworksBuildPhase section */
		BC5BF6FF2E3AB59A006071D0 /* Frameworks */ = {
			isa = PBXFrameworksBuildPhase;
			buildActionMask = 2147483647;
			files = (
			);
			runOnlyForDeploymentPostprocessing = 0;
		};
		BC5BF70C2E3AB59D006071D0 /* Frameworks */ = {
			isa = PBXFrameworksBuildPhase;
			buildActionMask = 2147483647;
			files = (
			);
			runOnlyForDeploymentPostprocessing = 0;
		};
		BC5BF7162E3AB59D006071D0 /* Frameworks */ = {
			isa = PBXFrameworksBuildPhase;
			buildActionMask = 2147483647;
			files = (
			);
			runOnlyForDeploymentPostprocessing = 0;
		};
/* End PBXFrameworksBuildPhase section */

/* Begin PBXGroup section */
		BC5BF6F92E3AB59A006071D0 = {
			isa = PBXGroup;
			children = (
				BC5BF7042E3AB59A006071D0 /* ChatWithAnyone */,
				BC5BF7122E3AB59D006071D0 /* ChatWithAnyoneTests */,
				BC5BF71C2E3AB59D006071D0 /* ChatWithAnyoneUITests */,
				BC5BF7032E3AB59A006071D0 /* Products */,
			);
			sourceTree = "<group>";
		};
		BC5BF7032E3AB59A006071D0 /* Products */ = {
			isa = PBXGroup;
			children = (
				BC5BF7022E3AB59A006071D0 /* ChatWithAnyone.app */,
				BC5BF70F2E3AB59D006071D0 /* ChatWithAnyoneTests.xctest */,
				BC5BF7192E3AB59D006071D0 /* ChatWithAnyoneUITests.xctest */,
			);
			name = Products;
			sourceTree = "<group>";
		};
/* End PBXGroup section */

/* Begin PBXNativeTarget section */
		BC5BF7012E3AB59A006071D0 /* ChatWithAnyone */ = {
			isa = PBXNativeTarget;
			buildConfigurationList = BC5BF7232E3AB59D006071D0 /* Build configuration list for PBXNativeTarget "ChatWithAnyone" */;
			buildPhases = (
				BC5BF6FE2E3AB59A006071D0 /* Sources */,
				BC5BF6FF2E3AB59A006071D0 /* Frameworks */,
				BC5BF7002E3AB59A006071D0 /* Resources */,
			);
			buildRules = (
			);
			dependencies = (
			);
			fileSystemSynchronizedGroups = (
				BC5BF7042E3AB59A006071D0 /* ChatWithAnyone */,
			);
			name = ChatWithAnyone;
			packageProductDependencies = (
			);
			productName = ChatWithAnyone;
			productReference = BC5BF7022E3AB59A006071D0 /* ChatWithAnyone.app */;
			productType = "com.apple.product-type.application";
		};
		BC5BF70E2E3AB59D006071D0 /* ChatWithAnyoneTests */ = {
			isa = PBXNativeTarget;
			buildConfigurationList = BC5BF7262E3AB59D006071D0 /* Build configuration list for PBXNativeTarget "ChatWithAnyoneTests" */;
			buildPhases = (
				BC5BF70B2E3AB59D006071D0 /* Sources */,
				BC5BF70C2E3AB59D006071D0 /* Frameworks */,
				BC5BF70D2E3AB59D006071D0 /* Resources */,
			);
			buildRules = (
			);
			dependencies = (
				BC5BF7112E3AB59D006071D0 /* PBXTargetDependency */,
			);
			fileSystemSynchronizedGroups = (
				BC5BF7122E3AB59D006071D0 /* ChatWithAnyoneTests */,
			);
			name = ChatWithAnyoneTests;
			packageProductDependencies = (
			);
			productName = ChatWithAnyoneTests;
			productReference = BC5BF70F2E3AB59D006071D0 /* ChatWithAnyoneTests.xctest */;
			productType = "com.apple.product-type.bundle.unit-test";
		};
		BC5BF7182E3AB59D006071D0 /* ChatWithAnyoneUITests */ = {
			isa = PBXNativeTarget;
			buildConfigurationList = BC5BF7292E3AB59D006071D0 /* Build configuration list for PBXNativeTarget "ChatWithAnyoneUITests" */;
			buildPhases = (
				BC5BF7152E3AB59D006071D0 /* Sources */,
				BC5BF7162E3AB59D006071D0 /* Frameworks */,
				BC5BF7172E3AB59D006071D0 /* Resources */,
			);
			buildRules = (
			);
			dependencies = (
				BC5BF71B2E3AB59D006071D0 /* PBXTargetDependency */,
			);
			fileSystemSynchronizedGroups = (
				BC5BF71C2E3AB59D006071D0 /* ChatWithAnyoneUITests */,
			);
			name = ChatWithAnyoneUITests;
			packageProductDependencies = (
			);
			productName = ChatWithAnyoneUITests;
			productReference = BC5BF7192E3AB59D006071D0 /* ChatWithAnyoneUITests.xctest */;
			productType = "com.apple.product-type.bundle.ui-testing";
		};
/* End PBXNativeTarget section */

/* Begin PBXProject section */
		BC5BF6FA2E3AB59A006071D0 /* Project object */ = {
			isa = PBXProject;
			attributes = {
				BuildIndependentTargetsInParallel = 1;
				LastSwiftUpdateCheck = 1640;
				LastUpgradeCheck = 1640;
				TargetAttributes = {
					BC5BF7012E3AB59A006071D0 = {
						CreatedOnToolsVersion = 16.4;
					};
					BC5BF70E2E3AB59D006071D0 = {
						CreatedOnToolsVersion = 16.4;
						TestTargetID = BC5BF7012E3AB59A006071D0;
					};
					BC5BF7182E3AB59D006071D0 = {
						CreatedOnToolsVersion = 16.4;
						TestTargetID = BC5BF7012E3AB59A006071D0;
					};
				};
			};
			buildConfigurationList = BC5BF6FD2E3AB59A006071D0 /* Build configuration list for PBXProject "ChatWithAnyone" */;
			developmentRegion = en;
			hasScannedForEncodings = 0;
			knownRegions = (
				en,
				Base,
			);
			mainGroup = BC5BF6F92E3AB59A006071D0;
			minimizedProjectReferenceProxies = 1;
			preferredProjectObjectVersion = 77;
			productRefGroup = BC5BF7032E3AB59A006071D0 /* Products */;
			projectDirPath = "";
			projectRoot = "";
			targets = (
				BC5BF7012E3AB59A006071D0 /* ChatWithAnyone */,
				BC5BF70E2E3AB59D006071D0 /* ChatWithAnyoneTests */,
				BC5BF7182E3AB59D006071D0 /* ChatWithAnyoneUITests */,
			);
		};
/* End PBXProject section */

/* Begin PBXResourcesBuildPhase section */
		BC5BF7002E3AB59A006071D0 /* Resources */ = {
			isa = PBXResourcesBuildPhase;
			buildActionMask = 2147483647;
			files = (
			);
			runOnlyForDeploymentPostprocessing = 0;
		};
		BC5BF70D2E3AB59D006071D0 /* Resources */ = {
			isa = PBXResourcesBuildPhase;
			buildActionMask = 2147483647;
			files = (
			);
			runOnlyForDeploymentPostprocessing = 0;
		};
		BC5BF7172E3AB59D006071D0 /* Resources */ = {
			isa = PBXResourcesBuildPhase;
			buildActionMask = 2147483647;
			files = (
			);
			runOnlyForDeploymentPostprocessing = 0;
		};
/* End PBXResourcesBuildPhase section */

/* Begin PBXSourcesBuildPhase section */
		BC5BF6FE2E3AB59A006071D0 /* Sources */ = {
			isa = PBXSourcesBuildPhase;
			buildActionMask = 2147483647;
			files = (
			);
			runOnlyForDeploymentPostprocessing = 0;
		};
		BC5BF70B2E3AB59D006071D0 /* Sources */ = {
			isa = PBXSourcesBuildPhase;
			buildActionMask = 2147483647;
			files = (
			);
			runOnlyForDeploymentPostprocessing = 0;
		};
		BC5BF7152E3AB59D006071D0 /* Sources */ = {
			isa = PBXSourcesBuildPhase;
			buildActionMask = 2147483647;
			files = (
			);
			runOnlyForDeploymentPostprocessing = 0;
		};
/* End PBXSourcesBuildPhase section */

/* Begin PBXTargetDependency section */
		BC5BF7112E3AB59D006071D0 /* PBXTargetDependency */ = {
			isa = PBXTargetDependency;
			target = BC5BF7012E3AB59A006071D0 /* ChatWithAnyone */;
			targetProxy = BC5BF7102E3AB59D006071D0 /* PBXContainerItemProxy */;
		};
		BC5BF71B2E3AB59D006071D0 /* PBXTargetDependency */ = {
			isa = PBXTargetDependency;
			target = BC5BF7012E3AB59A006071D0 /* ChatWithAnyone */;
			targetProxy = BC5BF71A2E3AB59D006071D0 /* PBXContainerItemProxy */;
		};
/* End PBXTargetDependency section */

/* Begin XCBuildConfiguration section */
		BC5BF7212E3AB59D006071D0 /* Debug */ = {
			isa = XCBuildConfiguration;
			buildSettings = {
				ALWAYS_SEARCH_USER_PATHS = NO;
				ASSETCATALOG_COMPILER_GENERATE_SWIFT_ASSET_SYMBOL_EXTENSIONS = YES;
				CLANG_ANALYZER_NONNULL = YES;
				CLANG_ANALYZER_NUMBER_OBJECT_CONVERSION = YES_AGGRESSIVE;
				CLANG_CXX_LANGUAGE_STANDARD = "gnu++20";
				CLANG_ENABLE_MODULES = YES;
				CLANG_ENABLE_OBJC_ARC = YES;
				CLANG_ENABLE_OBJC_WEAK = YES;
				CLANG_WARN_BLOCK_CAPTURE_AUTORELEASING = YES;
				CLANG_WARN_BOOL_CONVERSION = YES;
				CLANG_WARN_COMMA = YES;
				CLANG_WARN_CONSTANT_CONVERSION = YES;
				CLANG_WARN_DEPRECATED_OBJC_IMPLEMENTATIONS = YES;
				CLANG_WARN_DIRECT_OBJC_ISA_USAGE = YES_ERROR;
				CLANG_WARN_DOCUMENTATION_COMMENTS = YES;
				CLANG_WARN_EMPTY_BODY = YES;
				CLANG_WARN_ENUM_CONVERSION = YES;
				CLANG_WARN_INFINITE_RECURSION = YES;
				CLANG_WARN_INT_CONVERSION = YES;
				CLANG_WARN_NON_LITERAL_NULL_CONVERSION = YES;
				CLANG_WARN_OBJC_IMPLICIT_RETAIN_SELF = YES;
				CLANG_WARN_OBJC_LITERAL_CONVERSION = YES;
				CLANG_WARN_OBJC_ROOT_CLASS = YES_ERROR;
				CLANG_WARN_QUOTED_INCLUDE_IN_FRAMEWORK_HEADER = YES;
				CLANG_WARN_RANGE_LOOP_ANALYSIS = YES;
				CLANG_WARN_STRICT_PROTOTYPES = YES;
				CLANG_WARN_SUSPICIOUS_MOVE = YES;
				CLANG_WARN_UNGUARDED_AVAILABILITY = YES_AGGRESSIVE;
				CLANG_WARN_UNREACHABLE_CODE = YES;
				CLANG_WARN__DUPLICATE_METHOD_MATCH = YES;
				COPY_PHASE_STRIP = NO;
				DEBUG_INFORMATION_FORMAT = dwarf;
				DEVELOPMENT_TEAM = 9G4B25XUH2;
				ENABLE_STRICT_OBJC_MSGSEND = YES;
				ENABLE_TESTABILITY = YES;
				ENABLE_USER_SCRIPT_SANDBOXING = YES;
				GCC_C_LANGUAGE_STANDARD = gnu17;
				GCC_DYNAMIC_NO_PIC = NO;
				GCC_NO_COMMON_BLOCKS = YES;
				GCC_OPTIMIZATION_LEVEL = 0;
				GCC_PREPROCESSOR_DEFINITIONS = (
					"DEBUG=1",
					"$(inherited)",
				);
				GCC_WARN_64_TO_32_BIT_CONVERSION = YES;
				GCC_WARN_ABOUT_RETURN_TYPE = YES_ERROR;
				GCC_WARN_UNDECLARED_SELECTOR = YES;
				GCC_WARN_UNINITIALIZED_AUTOS = YES_AGGRESSIVE;
				GCC_WARN_UNUSED_FUNCTION = YES;
				GCC_WARN_UNUSED_VARIABLE = YES;
				IPHONEOS_DEPLOYMENT_TARGET = 18.5;
				LOCALIZATION_PREFERS_STRING_CATALOGS = YES;
				MTL_ENABLE_DEBUG_INFO = INCLUDE_SOURCE;
				MTL_FAST_MATH = YES;
				ONLY_ACTIVE_ARCH = YES;
				SDKROOT = iphoneos;
				SWIFT_ACTIVE_COMPILATION_CONDITIONS = "DEBUG $(inherited)";
				SWIFT_OPTIMIZATION_LEVEL = "-Onone";
			};
			name = Debug;
		};
		BC5BF7222E3AB59D006071D0 /* Release */ = {
			isa = XCBuildConfiguration;
			buildSettings = {
				ALWAYS_SEARCH_USER_PATHS = NO;
				ASSETCATALOG_COMPILER_GENERATE_SWIFT_ASSET_SYMBOL_EXTENSIONS = YES;
				CLANG_ANALYZER_NONNULL = YES;
				CLANG_ANALYZER_NUMBER_OBJECT_CONVERSION = YES_AGGRESSIVE;
				CLANG_CXX_LANGUAGE_STANDARD = "gnu++20";
				CLANG_ENABLE_MODULES = YES;
				CLANG_ENABLE_OBJC_ARC = YES;
				CLANG_ENABLE_OBJC_WEAK = YES;
				CLANG_WARN_BLOCK_CAPTURE_AUTORELEASING = YES;
				CLANG_WARN_BOOL_CONVERSION = YES;
				CLANG_WARN_COMMA = YES;
				CLANG_WARN_CONSTANT_CONVERSION = YES;
				CLANG_WARN_DEPRECATED_OBJC_IMPLEMENTATIONS = YES;
				CLANG_WARN_DIRECT_OBJC_ISA_USAGE = YES_ERROR;
				CLANG_WARN_DOCUMENTATION_COMMENTS = YES;
				CLANG_WARN_EMPTY_BODY = YES;
				CLANG_WARN_ENUM_CONVERSION = YES;
				CLANG_WARN_INFINITE_RECURSION = YES;
				CLANG_WARN_INT_CONVERSION = YES;
				CLANG_WARN_NON_LITERAL_NULL_CONVERSION = YES;
				CLANG_WARN_OBJC_IMPLICIT_RETAIN_SELF = YES;
				CLANG_WARN_OBJC_LITERAL_CONVERSION = YES;
				CLANG_WARN_OBJC_ROOT_CLASS = YES_ERROR;
				CLANG_WARN_QUOTED_INCLUDE_IN_FRAMEWORK_HEADER = YES;
				CLANG_WARN_RANGE_LOOP_ANALYSIS = YES;
				CLANG_WARN_STRICT_PROTOTYPES = YES;
				CLANG_WARN_SUSPICIOUS_MOVE = YES;
				CLANG_WARN_UNGUARDED_AVAILABILITY = YES_AGGRESSIVE;
				CLANG_WARN_UNREACHABLE_CODE = YES;
				CLANG_WARN__DUPLICATE_METHOD_MATCH = YES;
				COPY_PHASE_STRIP = NO;
				DEBUG_INFORMATION_FORMAT = "dwarf-with-dsym";
				DEVELOPMENT_TEAM = 9G4B25XUH2;
				ENABLE_NS_ASSERTIONS = NO;
				ENABLE_STRICT_OBJC_MSGSEND = YES;
				ENABLE_USER_SCRIPT_SANDBOXING = YES;
				GCC_C_LANGUAGE_STANDARD = gnu17;
				GCC_NO_COMMON_BLOCKS = YES;
				GCC_WARN_64_TO_32_BIT_CONVERSION = YES;
				GCC_WARN_ABOUT_RETURN_TYPE = YES_ERROR;
				GCC_WARN_UNDECLARED_SELECTOR = YES;
				GCC_WARN_UNINITIALIZED_AUTOS = YES_AGGRESSIVE;
				GCC_WARN_UNUSED_FUNCTION = YES;
				GCC_WARN_UNUSED_VARIABLE = YES;
				IPHONEOS_DEPLOYMENT_TARGET = 18.5;
				LOCALIZATION_PREFERS_STRING_CATALOGS = YES;
				MTL_ENABLE_DEBUG_INFO = NO;
				MTL_FAST_MATH = YES;
				SDKROOT = iphoneos;
				SWIFT_COMPILATION_MODE = wholemodule;
				VALIDATE_PRODUCT = YES;
			};
			name = Release;
		};
		BC5BF7242E3AB59D006071D0 /* Debug */ = {
			isa = XCBuildConfiguration;
			buildSettings = {
				ASSETCATALOG_COMPILER_APPICON_NAME = AppIcon;
				ASSETCATALOG_COMPILER_GLOBAL_ACCENT_COLOR_NAME = AccentColor;
				CODE_SIGN_STYLE = Automatic;
				CURRENT_PROJECT_VERSION = 1;
				DEVELOPMENT_TEAM = 9G4B25XUH2;
				ENABLE_PREVIEWS = YES;
				GENERATE_INFOPLIST_FILE = YES;
				INFOPLIST_KEY_UIApplicationSceneManifest_Generation = YES;
				INFOPLIST_KEY_UIApplicationSupportsIndirectInputEvents = YES;
				INFOPLIST_KEY_UILaunchScreen_Generation = YES;
				INFOPLIST_KEY_UISupportedInterfaceOrientations_iPad = "UIInterfaceOrientationPortrait UIInterfaceOrientationPortraitUpsideDown UIInterfaceOrientationLandscapeLeft UIInterfaceOrientationLandscapeRight";
				INFOPLIST_KEY_UISupportedInterfaceOrientations_iPhone = "UIInterfaceOrientationPortrait UIInterfaceOrientationLandscapeLeft UIInterfaceOrientationLandscapeRight";
				LD_RUNPATH_SEARCH_PATHS = (
					"$(inherited)",
					"@executable_path/Frameworks",
				);
				MARKETING_VERSION = 1.0;
				PRODUCT_BUNDLE_IDENTIFIER = com.Imgrund.ChatWithAnyone;
				PRODUCT_NAME = "$(TARGET_NAME)";
				SWIFT_EMIT_LOC_STRINGS = YES;
				SWIFT_VERSION = 5.0;
				TARGETED_DEVICE_FAMILY = "1,2";
			};
			name = Debug;
		};
		BC5BF7252E3AB59D006071D0 /* Release */ = {
			isa = XCBuildConfiguration;
			buildSettings = {
				ASSETCATALOG_COMPILER_APPICON_NAME = AppIcon;
				ASSETCATALOG_COMPILER_GLOBAL_ACCENT_COLOR_NAME = AccentColor;
				CODE_SIGN_STYLE = Automatic;
				CURRENT_PROJECT_VERSION = 1;
				DEVELOPMENT_TEAM = 9G4B25XUH2;
				ENABLE_PREVIEWS = YES;
				GENERATE_INFOPLIST_FILE = YES;
				INFOPLIST_KEY_UIApplicationSceneManifest_Generation = YES;
				INFOPLIST_KEY_UIApplicationSupportsIndirectInputEvents = YES;
				INFOPLIST_KEY_UILaunchScreen_Generation = YES;
				INFOPLIST_KEY_UISupportedInterfaceOrientations_iPad = "UIInterfaceOrientationPortrait UIInterfaceOrientationPortraitUpsideDown UIInterfaceOrientationLandscapeLeft UIInterfaceOrientationLandscapeRight";
				INFOPLIST_KEY_UISupportedInterfaceOrientations_iPhone = "UIInterfaceOrientationPortrait UIInterfaceOrientationLandscapeLeft UIInterfaceOrientationLandscapeRight";
				LD_RUNPATH_SEARCH_PATHS = (
					"$(inherited)",
					"@executable_path/Frameworks",
				);
				MARKETING_VERSION = 1.0;
				PRODUCT_BUNDLE_IDENTIFIER = com.Imgrund.ChatWithAnyone;
				PRODUCT_NAME = "$(TARGET_NAME)";
				SWIFT_EMIT_LOC_STRINGS = YES;
				SWIFT_VERSION = 5.0;
				TARGETED_DEVICE_FAMILY = "1,2";
			};
			name = Release;
		};
		BC5BF7272E3AB59D006071D0 /* Debug */ = {
			isa = XCBuildConfiguration;
			buildSettings = {
				BUNDLE_LOADER = "$(TEST_HOST)";
				CODE_SIGN_STYLE = Automatic;
				CURRENT_PROJECT_VERSION = 1;
				DEVELOPMENT_TEAM = 9G4B25XUH2;
				GENERATE_INFOPLIST_FILE = YES;
				IPHONEOS_DEPLOYMENT_TARGET = 18.5;
				MARKETING_VERSION = 1.0;
				PRODUCT_BUNDLE_IDENTIFIER = com.Imgrund.ChatWithAnyoneTests;
				PRODUCT_NAME = "$(TARGET_NAME)";
				SWIFT_EMIT_LOC_STRINGS = NO;
				SWIFT_VERSION = 5.0;
				TARGETED_DEVICE_FAMILY = "1,2";
				TEST_HOST = "$(BUILT_PRODUCTS_DIR)/ChatWithAnyone.app/$(BUNDLE_EXECUTABLE_FOLDER_PATH)/ChatWithAnyone";
			};
			name = Debug;
		};
		BC5BF7282E3AB59D006071D0 /* Release */ = {
			isa = XCBuildConfiguration;
			buildSettings = {
				BUNDLE_LOADER = "$(TEST_HOST)";
				CODE_SIGN_STYLE = Automatic;
				CURRENT_PROJECT_VERSION = 1;
				DEVELOPMENT_TEAM = 9G4B25XUH2;
				GENERATE_INFOPLIST_FILE = YES;
				IPHONEOS_DEPLOYMENT_TARGET = 18.5;
				MARKETING_VERSION = 1.0;
				PRODUCT_BUNDLE_IDENTIFIER = com.Imgrund.ChatWithAnyoneTests;
				PRODUCT_NAME = "$(TARGET_NAME)";
				SWIFT_EMIT_LOC_STRINGS = NO;
				SWIFT_VERSION = 5.0;
				TARGETED_DEVICE_FAMILY = "1,2";
				TEST_HOST = "$(BUILT_PRODUCTS_DIR)/ChatWithAnyone.app/$(BUNDLE_EXECUTABLE_FOLDER_PATH)/ChatWithAnyone";
			};
			name = Release;
		};
		BC5BF72A2E3AB59D006071D0 /* Debug */ = {
			isa = XCBuildConfiguration;
			buildSettings = {
				CODE_SIGN_STYLE = Automatic;
				CURRENT_PROJECT_VERSION = 1;
				DEVELOPMENT_TEAM = 9G4B25XUH2;
				GENERATE_INFOPLIST_FILE = YES;
				MARKETING_VERSION = 1.0;
				PRODUCT_BUNDLE_IDENTIFIER = com.Imgrund.ChatWithAnyoneUITests;
				PRODUCT_NAME = "$(TARGET_NAME)";
				SWIFT_EMIT_LOC_STRINGS = NO;
				SWIFT_VERSION = 5.0;
				TARGETED_DEVICE_FAMILY = "1,2";
				TEST_TARGET_NAME = ChatWithAnyone;
			};
			name = Debug;
		};
		BC5BF72B2E3AB59D006071D0 /* Release */ = {
			isa = XCBuildConfiguration;
			buildSettings = {
				CODE_SIGN_STYLE = Automatic;
				CURRENT_PROJECT_VERSION = 1;
				DEVELOPMENT_TEAM = 9G4B25XUH2;
				GENERATE_INFOPLIST_FILE = YES;
				MARKETING_VERSION = 1.0;
				PRODUCT_BUNDLE_IDENTIFIER = com.Imgrund.ChatWithAnyoneUITests;
				PRODUCT_NAME = "$(TARGET_NAME)";
				SWIFT_EMIT_LOC_STRINGS = NO;
				SWIFT_VERSION = 5.0;
				TARGETED_DEVICE_FAMILY = "1,2";
				TEST_TARGET_NAME = ChatWithAnyone;
			};
			name = Release;
		};
/* End XCBuildConfiguration section */

/* Begin XCConfigurationList section */
		BC5BF6FD2E3AB59A006071D0 /* Build configuration list for PBXProject "ChatWithAnyone" */ = {
			isa = XCConfigurationList;
			buildConfigurations = (
				BC5BF7212E3AB59D006071D0 /* Debug */,
				BC5BF7222E3AB59D006071D0 /* Release */,
			);
			defaultConfigurationIsVisible = 0;
			defaultConfigurationName = Release;
		};
		BC5BF7232E3AB59D006071D0 /* Build configuration list for PBXNativeTarget "ChatWithAnyone" */ = {
			isa = XCConfigurationList;
			buildConfigurations = (
				BC5BF7242E3AB59D006071D0 /* Debug */,
				BC5BF7252E3AB59D006071D0 /* Release */,
			);
			defaultConfigurationIsVisible = 0;
			defaultConfigurationName = Release;
		};
		BC5BF7262E3AB59D006071D0 /* Build configuration list for PBXNativeTarget "ChatWithAnyoneTests" */ = {
			isa = XCConfigurationList;
			buildConfigurations = (
				BC5BF7272E3AB59D006071D0 /* Debug */,
				BC5BF7282E3AB59D006071D0 /* Release */,
			);
			defaultConfigurationIsVisible = 0;
			defaultConfigurationName = Release;
		};
		BC5BF7292E3AB59D006071D0 /* Build configuration list for PBXNativeTarget "ChatWithAnyoneUITests" */ = {
			isa = XCConfigurationList;
			buildConfigurations = (
				BC5BF72A2E3AB59D006071D0 /* Debug */,
				BC5BF72B2E3AB59D006071D0 /* Release */,
			);
			defaultConfigurationIsVisible = 0;
			defaultConfigurationName = Release;
		};
/* End XCConfigurationList section */
	};
	rootObject = BC5BF6FA2E3AB59A006071D0 /* Project object */;
}
